
Microsoft Visual Studio Solution File, Format Version 12.00
# Visual Studio Version 17
VisualStudioVersion = 17.14.36518.9
MinimumVisualStudioVersion = 10.0.40219.1
Project("{FAE04EC0-301F-11D3-BF4B-00C04F79EFBC}") = "CalculatorApp", "CalculatorApp\CalculatorApp.csproj", "{F2544943-7349-4E57-9F8E-AF1F00C67732}"
EndProject
Project("{FAE04EC0-301F-11D3-BF4B-00C04F79EFBC}") = "CalculatorMachine", "CalculatorMachine\CalculatorMachine.csproj", "{5B92D976-8491-4C46-9FE5-6F84D7BD977C}"
EndProject
Project("{FAE04EC0-301F-11D3-BF4B-00C04F79EFBC}") = "CalculatorConsoleApp", "CalculatorConsoleApp\CalculatorConsoleApp.csproj", "{CDD88420-9EB0-4AD1-B95C-6824D4889CF2}"
EndProject
Global
	GlobalSection(SolutionConfigurationPlatforms) = preSolution
		Debug|Any CPU = Debug|Any CPU
		Release|Any CPU = Release|Any CPU
	EndGlobalSection
	GlobalSection(ProjectConfigurationPlatforms) = postSolution
		{F2544943-7349-4E57-9F8E-AF1F00C67732}.Debug|Any CPU.ActiveCfg = Debug|Any CPU
		{F2544943-7349-4E57-9F8E-AF1F00C67732}.Debug|Any CPU.Build.0 = Debug|Any CPU
		{F2544943-7349-4E57-9F8E-AF1F00C67732}.Release|Any CPU.ActiveCfg = Release|Any CPU
		{F2544943-7349-4E57-9F8E-AF1F00C67732}.Release|Any CPU.Build.0 = Release|Any CPU
		{5B92D976-8491-4C46-9FE5-6F84D7BD977C}.Debug|Any CPU.ActiveCfg = Debug|Any CPU
		{5B92D976-8491-4C46-9FE5-6F84D7BD977C}.Debug|Any CPU.Build.0 = Debug|Any CPU
		{5B92D976-8491-4C46-9FE5-6F84D7BD977C}.Release|Any CPU.ActiveCfg = Release|Any CPU
		{5B92D976-8491-4C46-9FE5-6F84D7BD977C}.Release|Any CPU.Build.0 = Release|Any CPU
		{CDD88420-9EB0-4AD1-B95C-6824D4889CF2}.Debug|Any CPU.ActiveCfg = Debug|Any CPU
		{CDD88420-9EB0-4AD1-B95C-6824D4889CF2}.Debug|Any CPU.Build.0 = Debug|Any CPU
		{CDD88420-9EB0-4AD1-B95C-6824D4889CF2}.Release|Any CPU.ActiveCfg = Release|Any CPU
		{CDD88420-9EB0-4AD1-B95C-6824D4889CF2}.Release|Any CPU.Build.0 = Release|Any CPU
	EndGlobalSection
	GlobalSection(SolutionProperties) = preSolution
		HideSolutionNode = FALSE
	EndGlobalSection
	GlobalSection(ExtensibilityGlobals) = postSolution
		SolutionGuid = {E4D0E8A8-7A61-4086-8FC6-AE2442EC6D18}
	EndGlobalSection
EndGlobal
