
Microsoft Visual Studio Solution File, Format Version 12.00
# Visual Studio Version 17
VisualStudioVersion = 17.14.36518.9 d17.14
MinimumVisualStudioVersion = 10.0.40219.1
Project("{FAE04EC0-301F-11D3-BF4B-00C04F79EFBC}") = "AplikasiDataMahasiswa", "AplikasiDataMahasiswa\AplikasiDataMahasiswa.csproj", "{0FE56A78-DA3A-4C4C-B7D0-753D6BB114A5}"
EndProject
Global
	GlobalSection(SolutionConfigurationPlatforms) = preSolution
		Debug|Any CPU = Debug|Any CPU
		Release|Any CPU = Release|Any CPU
	EndGlobalSection
	GlobalSection(ProjectConfigurationPlatforms) = postSolution
		{0FE56A78-DA3A-4C4C-B7D0-753D6BB114A5}.Debug|Any CPU.ActiveCfg = Debug|Any CPU
		{0FE56A78-DA3A-4C4C-B7D0-753D6BB114A5}.Debug|Any CPU.Build.0 = Debug|Any CPU
		{0FE56A78-DA3A-4C4C-B7D0-753D6BB114A5}.Release|Any CPU.ActiveCfg = Release|Any CPU
		{0FE56A78-DA3A-4C4C-B7D0-753D6BB114A5}.Release|Any CPU.Build.0 = Release|Any CPU
	EndGlobalSection
	GlobalSection(SolutionProperties) = preSolution
		HideSolutionNode = FALSE
	EndGlobalSection
	GlobalSection(ExtensibilityGlobals) = postSolution
		SolutionGuid = {C0A500A2-52B2-49DB-B663-5D005BD424F4}
	EndGlobalSection
EndGlobal
